// !$*UTF8*$!
{
	archiveVersion = 1;
	classes = {
	};
	objectVersion = 55;
	objects = {

/* Begin PBXBuildFile section */
		EEE4068F28A50C3E0085EB75 /* AppDelegate.swift in Sources */ = {isa = PBXBuildFile; fileRef = EEE4068E28A50C3E0085EB75 /* AppDelegate.swift */; };
		EEE4069128A50C3E0085EB75 /* SceneDelegate.swift in Sources */ = {isa = PBXBuildFile; fileRef = EEE4069028A50C3E0085EB75 /* SceneDelegate.swift */; };
		EEE4069628A50C3E0085EB75 /* Main.storyboard in Resources */ = {isa = PBXBuildFile; fileRef = EEE4069428A50C3E0085EB75 /* Main.storyboard */; };
		EEE4069828A50C3E0085EB75 /* Assets.xcassets in Resources */ = {isa = PBXBuildFile; fileRef = EEE4069728A50C3E0085EB75 /* Assets.xcassets */; };
		EEE4069B28A50C3E0085EB75 /* LaunchScreen.storyboard in Resources */ = {isa = PBXBuildFile; fileRef = EEE4069928A50C3E0085EB75 /* LaunchScreen.storyboard */; };
		EEE406A328A50D950085EB75 /* DataTableViewController.swift in Sources */ = {isa = PBXBuildFile; fileRef = EEE406A228A50D950085EB75 /* DataTableViewController.swift */; };
		EEE406A528A50DA90085EB75 /* MapViewViewController.swift in Sources */ = {isa = PBXBuildFile; fileRef = EEE406A428A50DA90085EB75 /* MapViewViewController.swift */; };
		EEE406A728A50DEE0085EB75 /* DataModel.swift in Sources */ = {isa = PBXBuildFile; fileRef = EEE406A628A50DEE0085EB75 /* DataModel.swift */; };
		EEE406AA28A510160085EB75 /* MapKit.framework in Frameworks */ = {isa = PBXBuildFile; fileRef = EEE406A928A510160085EB75 /* MapKit.framework */; };
/* End PBXBuildFile section */

/* Begin PBXFileReference section */
		EEE4068B28A50C3E0085EB75 /* MKDirectionsAPIDemo.app */ = {isa = PBXFileReference; explicitFileType = wrapper.application; includeInIndex = 0; path = MKDirectionsAPIDemo.app; sourceTree = BUILT_PRODUCTS_DIR; };
		EEE4068E28A50C3E0085EB75 /* AppDelegate.swift */ = {isa = PBXFileReference; lastKnownFileType = sourcecode.swift; path = AppDelegate.swift; sourceTree = "<group>"; };
		EEE4069028A50C3E0085EB75 /* SceneDelegate.swift */ = {isa = PBXFileReference; lastKnownFileType = sourcecode.swift; path = SceneDelegate.swift; sourceTree = "<group>"; };
		EEE4069528A50C3E0085EB75 /* Base */ = {isa = PBXFileReference; lastKnownFileType = file.storyboard; name = Base; path = Base.lproj/Main.storyboard; sourceTree = "<group>"; };
		EEE4069728A50C3E0085EB75 /* Assets.xcassets */ = {isa = PBXFileReference; lastKnownFileType = folder.assetcatalog; path = Assets.xcassets; sourceTree = "<group>"; };
		EEE4069A28A50C3E0085EB75 /* Base */ = {isa = PBXFileReference; lastKnownFileType = file.storyboard; name = Base; path = Base.lproj/LaunchScreen.storyboard; sourceTree = "<group>"; };
		EEE4069C28A50C3E0085EB75 /* Info.plist */ = {isa = PBXFileReference; lastKnownFileType = text.plist.xml; path = Info.plist; sourceTree = "<group>"; };
		EEE406A228A50D950085EB75 /* DataTableViewController.swift */ = {isa = PBXFileReference; lastKnownFileType = sourcecode.swift; path = DataTableViewController.swift; sourceTree = "<group>"; };
		EEE406A428A50DA90085EB75 /* MapViewViewController.swift */ = {isa = PBXFileReference; lastKnownFileType = sourcecode.swift; path = MapViewViewController.swift; sourceTree = "<group>"; };
		EEE406A628A50DEE0085EB75 /* DataModel.swift */ = {isa = PBXFileReference; lastKnownFileType = sourcecode.swift; path = DataModel.swift; sourceTree = "<group>"; };
		EEE406A928A510160085EB75 /* MapKit.framework */ = {isa = PBXFileReference; lastKnownFileType = wrapper.framework; name = MapKit.framework; path = System/Library/Frameworks/MapKit.framework; sourceTree = SDKROOT; };
/* End PBXFileReference section */

/* Begin PBXFrameworksBuildPhase section */
		EEE4068828A50C3E0085EB75 /* Frameworks */ = {
			isa = PBXFrameworksBuildPhase;
			buildActionMask = 2147483647;
			files = (
				EEE406AA28A510160085EB75 /* MapKit.framework in Frameworks */,
			);
			runOnlyForDeploymentPostprocessing = 0;
		};
/* End PBXFrameworksBuildPhase section */

/* Begin PBXGroup section */
		EEE4068228A50C3E0085EB75 = {
			isa = PBXGroup;
			children = (
				EEE4068D28A50C3E0085EB75 /* MKDirectionsAPIDemo */,
				EEE4068C28A50C3E0085EB75 /* Products */,
				EEE406A828A510160085EB75 /* Frameworks */,
			);
			sourceTree = "<group>";
		};
		EEE4068C28A50C3E0085EB75 /* Products */ = {
			isa = PBXGroup;
			children = (
				EEE4068B28A50C3E0085EB75 /* MKDirectionsAPIDemo.app */,
			);
			name = Products;
			sourceTree = "<group>";
		};
		EEE4068D28A50C3E0085EB75 /* MKDirectionsAPIDemo */ = {
			isa = PBXGroup;
			children = (
				EEE4068E28A50C3E0085EB75 /* AppDelegate.swift */,
				EEE4069028A50C3E0085EB75 /* SceneDelegate.swift */,
				EEE4069428A50C3E0085EB75 /* Main.storyboard */,
				EEE4069728A50C3E0085EB75 /* Assets.xcassets */,
				EEE4069928A50C3E0085EB75 /* LaunchScreen.storyboard */,
				EEE4069C28A50C3E0085EB75 /* Info.plist */,
				EEE406A628A50DEE0085EB75 /* DataModel.swift */,
				EEE406A228A50D950085EB75 /* DataTableViewController.swift */,
				EEE406A428A50DA90085EB75 /* MapViewViewController.swift */,
			);
			path = MKDirectionsAPIDemo;
			sourceTree = "<group>";
		};
		EEE406A828A510160085EB75 /* Frameworks */ = {
			isa = PBXGroup;
			children = (
				EEE406A928A510160085EB75 /* MapKit.framework */,
			);
			name = Frameworks;
			sourceTree = "<group>";
		};
/* End PBXGroup section */

/* Begin PBXNativeTarget section */
		EEE4068A28A50C3E0085EB75 /* MKDirectionsAPIDemo */ = {
			isa = PBXNativeTarget;
			buildConfigurationList = EEE4069F28A50C3E0085EB75 /* Build configuration list for PBXNativeTarget "MKDirectionsAPIDemo" */;
			buildPhases = (
				EEE4068728A50C3E0085EB75 /* Sources */,
				EEE4068828A50C3E0085EB75 /* Frameworks */,
				EEE4068928A50C3E0085EB75 /* Resources */,
			);
			buildRules = (
			);
			dependencies = (
			);
			name = MKDirectionsAPIDemo;
			productName = MKDirectionsAPIDemo;
			productReference = EEE4068B28A50C3E0085EB75 /* MKDirectionsAPIDemo.app */;
			productType = "com.apple.product-type.application";
		};
/* End PBXNativeTarget section */

/* Begin PBXProject section */
		EEE4068328A50C3E0085EB75 /* Project object */ = {
			isa = PBXProject;
			attributes = {
				BuildIndependentTargetsInParallel = 1;
				LastSwiftUpdateCheck = 1340;
				LastUpgradeCheck = 1340;
				TargetAttributes = {
					EEE4068A28A50C3E0085EB75 = {
						CreatedOnToolsVersion = 13.4;
					};
				};
			};
			buildConfigurationList = EEE4068628A50C3E0085EB75 /* Build configuration list for PBXProject "MKDirectionsAPIDemo" */;
			compatibilityVersion = "Xcode 13.0";
			developmentRegion = en;
			hasScannedForEncodings = 0;
			knownRegions = (
				en,
				Base,
			);
			mainGroup = EEE4068228A50C3E0085EB75;
			productRefGroup = EEE4068C28A50C3E0085EB75 /* Products */;
			projectDirPath = "";
			projectRoot = "";
			targets = (
				EEE4068A28A50C3E0085EB75 /* MKDirectionsAPIDemo */,
			);
		};
/* End PBXProject section */

/* Begin PBXResourcesBuildPhase section */
		EEE4068928A50C3E0085EB75 /* Resources */ = {
			isa = PBXResourcesBuildPhase;
			buildActionMask = 2147483647;
			files = (
				EEE4069B28A50C3E0085EB75 /* LaunchScreen.storyboard in Resources */,
				EEE4069828A50C3E0085EB75 /* Assets.xcassets in Resources */,
				EEE4069628A50C3E0085EB75 /* Main.storyboard in Resources */,
			);
			runOnlyForDeploymentPostprocessing = 0;
		};
/* End PBXResourcesBuildPhase section */

/* Begin PBXSourcesBuildPhase section */
		EEE4068728A50C3E0085EB75 /* Sources */ = {
			isa = PBXSourcesBuildPhase;
			buildActionMask = 2147483647;
			files = (
				EEE406A328A50D950085EB75 /* DataTableViewController.swift in Sources */,
				EEE4068F28A50C3E0085EB75 /* AppDelegate.swift in Sources */,
				EEE4069128A50C3E0085EB75 /* SceneDelegate.swift in Sources */,
				EEE406A528A50DA90085EB75 /* MapViewViewController.swift in Sources */,
				EEE406A728A50DEE0085EB75 /* DataModel.swift in Sources */,
			);
			runOnlyForDeploymentPostprocessing = 0;
		};
/* End PBXSourcesBuildPhase section */

/* Begin PBXVariantGroup section */
		EEE4069428A50C3E0085EB75 /* Main.storyboard */ = {
			isa = PBXVariantGroup;
			children = (
				EEE4069528A50C3E0085EB75 /* Base */,
			);
			name = Main.storyboard;
			sourceTree = "<group>";
		};
		EEE4069928A50C3E0085EB75 /* LaunchScreen.storyboard */ = {
			isa = PBXVariantGroup;
			children = (
				EEE4069A28A50C3E0085EB75 /* Base */,
			);
			name = LaunchScreen.storyboard;
			sourceTree = "<group>";
		};
/* End PBXVariantGroup section */

/* Begin XCBuildConfiguration section */
		EEE4069D28A50C3E0085EB75 /* Debug */ = {
			isa = XCBuildConfiguration;
			buildSettings = {
				ALWAYS_SEARCH_USER_PATHS = NO;
				CLANG_ANALYZER_NONNULL = YES;
				CLANG_ANALYZER_NUMBER_OBJECT_CONVERSION = YES_AGGRESSIVE;
				CLANG_CXX_LANGUAGE_STANDARD = "gnu++17";
				CLANG_ENABLE_MODULES = YES;
				CLANG_ENABLE_OBJC_ARC = YES;
				CLANG_ENABLE_OBJC_WEAK = YES;
				CLANG_WARN_BLOCK_CAPTURE_AUTORELEASING = YES;
				CLANG_WARN_BOOL_CONVERSION = YES;
				CLANG_WARN_COMMA = YES;
				CLANG_WARN_CONSTANT_CONVERSION = YES;
				CLANG_WARN_DEPRECATED_OBJC_IMPLEMENTATIONS = YES;
				CLANG_WARN_DIRECT_OBJC_ISA_USAGE = YES_ERROR;
				CLANG_WARN_DOCUMENTATION_COMMENTS = YES;
				CLANG_WARN_EMPTY_BODY = YES;
				CLANG_WARN_ENUM_CONVERSION = YES;
				CLANG_WARN_INFINITE_RECURSION = YES;
				CLANG_WARN_INT_CONVERSION = YES;
				CLANG_WARN_NON_LITERAL_NULL_CONVERSION = YES;
				CLANG_WARN_OBJC_IMPLICIT_RETAIN_SELF = YES;
				CLANG_WARN_OBJC_LITERAL_CONVERSION = YES;
				CLANG_WARN_OBJC_ROOT_CLASS = YES_ERROR;
				CLANG_WARN_QUOTED_INCLUDE_IN_FRAMEWORK_HEADER = YES;
				CLANG_WARN_RANGE_LOOP_ANALYSIS = YES;
				CLANG_WARN_STRICT_PROTOTYPES = YES;
				CLANG_WARN_SUSPICIOUS_MOVE = YES;
				CLANG_WARN_UNGUARDED_AVAILABILITY = YES_AGGRESSIVE;
				CLANG_WARN_UNREACHABLE_CODE = YES;
				CLANG_WARN__DUPLICATE_METHOD_MATCH = YES;
				COPY_PHASE_STRIP = NO;
				DEBUG_INFORMATION_FORMAT = dwarf;
				ENABLE_STRICT_OBJC_MSGSEND = YES;
				ENABLE_TESTABILITY = YES;
				GCC_C_LANGUAGE_STANDARD = gnu11;
				GCC_DYNAMIC_NO_PIC = NO;
				GCC_NO_COMMON_BLOCKS = YES;
				GCC_OPTIMIZATION_LEVEL = 0;
				GCC_PREPROCESSOR_DEFINITIONS = (
					"DEBUG=1",
					"$(inherited)",
				);
				GCC_WARN_64_TO_32_BIT_CONVERSION = YES;
				GCC_WARN_ABOUT_RETURN_TYPE = YES_ERROR;
				GCC_WARN_UNDECLARED_SELECTOR = YES;
				GCC_WARN_UNINITIALIZED_AUTOS = YES_AGGRESSIVE;
				GCC_WARN_UNUSED_FUNCTION = YES;
				GCC_WARN_UNUSED_VARIABLE = YES;
				IPHONEOS_DEPLOYMENT_TARGET = 15.5;
				MTL_ENABLE_DEBUG_INFO = INCLUDE_SOURCE;
				MTL_FAST_MATH = YES;
				ONLY_ACTIVE_ARCH = YES;
				SDKROOT = iphoneos;
				SWIFT_ACTIVE_COMPILATION_CONDITIONS = DEBUG;
				SWIFT_OPTIMIZATION_LEVEL = "-Onone";
			};
			name = Debug;
		};
		EEE4069E28A50C3E0085EB75 /* Release */ = {
			isa = XCBuildConfiguration;
			buildSettings = {
				ALWAYS_SEARCH_USER_PATHS = NO;
				CLANG_ANALYZER_NONNULL = YES;
				CLANG_ANALYZER_NUMBER_OBJECT_CONVERSION = YES_AGGRESSIVE;
				CLANG_CXX_LANGUAGE_STANDARD = "gnu++17";
				CLANG_ENABLE_MODULES = YES;
				CLANG_ENABLE_OBJC_ARC = YES;
				CLANG_ENABLE_OBJC_WEAK = YES;
				CLANG_WARN_BLOCK_CAPTURE_AUTORELEASING = YES;
				CLANG_WARN_BOOL_CONVERSION = YES;
				CLANG_WARN_COMMA = YES;
				CLANG_WARN_CONSTANT_CONVERSION = YES;
				CLANG_WARN_DEPRECATED_OBJC_IMPLEMENTATIONS = YES;
				CLANG_WARN_DIRECT_OBJC_ISA_USAGE = YES_ERROR;
				CLANG_WARN_DOCUMENTATION_COMMENTS = YES;
				CLANG_WARN_EMPTY_BODY = YES;
				CLANG_WARN_ENUM_CONVERSION = YES;
				CLANG_WARN_INFINITE_RECURSION = YES;
				CLANG_WARN_INT_CONVERSION = YES;
				CLANG_WARN_NON_LITERAL_NULL_CONVERSION = YES;
				CLANG_WARN_OBJC_IMPLICIT_RETAIN_SELF = YES;
				CLANG_WARN_OBJC_LITERAL_CONVERSION = YES;
				CLANG_WARN_OBJC_ROOT_CLASS = YES_ERROR;
				CLANG_WARN_QUOTED_INCLUDE_IN_FRAMEWORK_HEADER = YES;
				CLANG_WARN_RANGE_LOOP_ANALYSIS = YES;
				CLANG_WARN_STRICT_PROTOTYPES = YES;
				CLANG_WARN_SUSPICIOUS_MOVE = YES;
				CLANG_WARN_UNGUARDED_AVAILABILITY = YES_AGGRESSIVE;
				CLANG_WARN_UNREACHABLE_CODE = YES;
				CLANG_WARN__DUPLICATE_METHOD_MATCH = YES;
				COPY_PHASE_STRIP = NO;
				DEBUG_INFORMATION_FORMAT = "dwarf-with-dsym";
				ENABLE_NS_ASSERTIONS = NO;
				ENABLE_STRICT_OBJC_MSGSEND = YES;
				GCC_C_LANGUAGE_STANDARD = gnu11;
				GCC_NO_COMMON_BLOCKS = YES;
				GCC_WARN_64_TO_32_BIT_CONVERSION = YES;
				GCC_WARN_ABOUT_RETURN_TYPE = YES_ERROR;
				GCC_WARN_UNDECLARED_SELECTOR = YES;
				GCC_WARN_UNINITIALIZED_AUTOS = YES_AGGRESSIVE;
				GCC_WARN_UNUSED_FUNCTION = YES;
				GCC_WARN_UNUSED_VARIABLE = YES;
				IPHONEOS_DEPLOYMENT_TARGET = 15.5;
				MTL_ENABLE_DEBUG_INFO = NO;
				MTL_FAST_MATH = YES;
				SDKROOT = iphoneos;
				SWIFT_COMPILATION_MODE = wholemodule;
				SWIFT_OPTIMIZATION_LEVEL = "-O";
				VALIDATE_PRODUCT = YES;
			};
			name = Release;
		};
		EEE406A028A50C3E0085EB75 /* Debug */ = {
			isa = XCBuildConfiguration;
			buildSettings = {
				ASSETCATALOG_COMPILER_APPICON_NAME = AppIcon;
				ASSETCATALOG_COMPILER_GLOBAL_ACCENT_COLOR_NAME = AccentColor;
				CODE_SIGN_STYLE = Automatic;
				CURRENT_PROJECT_VERSION = 1;
				GENERATE_INFOPLIST_FILE = YES;
				INFOPLIST_FILE = MKDirectionsAPIDemo/Info.plist;
				INFOPLIST_KEY_UIApplicationSupportsIndirectInputEvents = YES;
				INFOPLIST_KEY_UILaunchStoryboardName = LaunchScreen;
				INFOPLIST_KEY_UIMainStoryboardFile = Main;
				INFOPLIST_KEY_UISupportedInterfaceOrientations_iPad = "UIInterfaceOrientationPortrait UIInterfaceOrientationPortraitUpsideDown UIInterfaceOrientationLandscapeLeft UIInterfaceOrientationLandscapeRight";
				INFOPLIST_KEY_UISupportedInterfaceOrientations_iPhone = "UIInterfaceOrientationPortrait UIInterfaceOrientationLandscapeLeft UIInterfaceOrientationLandscapeRight";
				LD_RUNPATH_SEARCH_PATHS = (
					"$(inherited)",
					"@executable_path/Frameworks",
				);
				MARKETING_VERSION = 1.0;
				PRODUCT_BUNDLE_IDENTIFIER = com.yusiang.MKDirectionsAPIDemo;
				PRODUCT_NAME = "$(TARGET_NAME)";
				SWIFT_EMIT_LOC_STRINGS = YES;
				SWIFT_VERSION = 5.0;
				TARGETED_DEVICE_FAMILY = "1,2";
			};
			name = Debug;
		};
		EEE406A128A50C3E0085EB75 /* Release */ = {
			isa = XCBuildConfiguration;
			buildSettings = {
				ASSETCATALOG_COMPILER_APPICON_NAME = AppIcon;
				ASSETCATALOG_COMPILER_GLOBAL_ACCENT_COLOR_NAME = AccentColor;
				CODE_SIGN_STYLE = Automatic;
				CURRENT_PROJECT_VERSION = 1;
				GENERATE_INFOPLIST_FILE = YES;
				INFOPLIST_FILE = MKDirectionsAPIDemo/Info.plist;
				INFOPLIST_KEY_UIApplicationSupportsIndirectInputEvents = YES;
				INFOPLIST_KEY_UILaunchStoryboardName = LaunchScreen;
				INFOPLIST_KEY_UIMainStoryboardFile = Main;
				INFOPLIST_KEY_UISupportedInterfaceOrientations_iPad = "UIInterfaceOrientationPortrait UIInterfaceOrientationPortraitUpsideDown UIInterfaceOrientationLandscapeLeft UIInterfaceOrientationLandscapeRight";
				INFOPLIST_KEY_UISupportedInterfaceOrientations_iPhone = "UIInterfaceOrientationPortrait UIInterfaceOrientationLandscapeLeft UIInterfaceOrientationLandscapeRight";
				LD_RUNPATH_SEARCH_PATHS = (
					"$(inherited)",
					"@executable_path/Frameworks",
				);
				MARKETING_VERSION = 1.0;
				PRODUCT_BUNDLE_IDENTIFIER = com.yusiang.MKDirectionsAPIDemo;
				PRODUCT_NAME = "$(TARGET_NAME)";
				SWIFT_EMIT_LOC_STRINGS = YES;
				SWIFT_VERSION = 5.0;
				TARGETED_DEVICE_FAMILY = "1,2";
			};
			name = Release;
		};
/* End XCBuildConfiguration section */

/* Begin XCConfigurationList section */
		EEE4068628A50C3E0085EB75 /* Build configuration list for PBXProject "MKDirectionsAPIDemo" */ = {
			isa = XCConfigurationList;
			buildConfigurations = (
				EEE4069D28A50C3E0085EB75 /* Debug */,
				EEE4069E28A50C3E0085EB75 /* Release */,
			);
			defaultConfigurationIsVisible = 0;
			defaultConfigurationName = Release;
		};
		EEE4069F28A50C3E0085EB75 /* Build configuration list for PBXNativeTarget "MKDirectionsAPIDemo" */ = {
			isa = XCConfigurationList;
			buildConfigurations = (
				EEE406A028A50C3E0085EB75 /* Debug */,
				EEE406A128A50C3E0085EB75 /* Release */,
			);
			defaultConfigurationIsVisible = 0;
			defaultConfigurationName = Release;
		};
/* End XCConfigurationList section */
	};
	rootObject = EEE4068328A50C3E0085EB75 /* Project object */;
}
